
Microsoft Visual Studio Solution File, Format Version 12.00
# Visual Studio Version 17
VisualStudioVersion = 17.6.33723.286
MinimumVisualStudioVersion = 10.0.40219.1
Project("{9A19103F-16F7-4668-BE54-9A1E7A4F7556}") = "StarGarden", "StarGarden\StarGarden.csproj", "{4922D6D4-637D-4787-92AD-2ADA13FEB7EF}"
EndProject
Project("{FAE04EC0-301F-11D3-BF4B-00C04F79EFBC}") = "starGarden_backgroundProcesses", "starGarden_backgroundProcesses\starGarden_backgroundProcesses.csproj", "{04AB6CA5-BFFD-4E68-9688-2D0DB257E3A4}"
EndProject
Global
	GlobalSection(SolutionConfigurationPlatforms) = preSolution
		Debug|Any CPU = Debug|Any CPU
		Release|Any CPU = Release|Any CPU
	EndGlobalSection
	GlobalSection(ProjectConfigurationPlatforms) = postSolution
		{4922D6D4-637D-4787-92AD-2ADA13FEB7EF}.Debug|Any CPU.ActiveCfg = Debug|Any CPU
		{4922D6D4-637D-4787-92AD-2ADA13FEB7EF}.Debug|Any CPU.Build.0 = Debug|Any CPU
		{4922D6D4-637D-4787-92AD-2ADA13FEB7EF}.Release|Any CPU.ActiveCfg = Release|Any CPU
		{4922D6D4-637D-4787-92AD-2ADA13FEB7EF}.Release|Any CPU.Build.0 = Release|Any CPU
		{04AB6CA5-BFFD-4E68-9688-2D0DB257E3A4}.Debug|Any CPU.ActiveCfg = Debug|Any CPU
		{04AB6CA5-BFFD-4E68-9688-2D0DB257E3A4}.Debug|Any CPU.Build.0 = Debug|Any CPU
		{04AB6CA5-BFFD-4E68-9688-2D0DB257E3A4}.Release|Any CPU.ActiveCfg = Release|Any CPU
		{04AB6CA5-BFFD-4E68-9688-2D0DB257E3A4}.Release|Any CPU.Build.0 = Release|Any CPU
	EndGlobalSection
	GlobalSection(SolutionProperties) = preSolution
		HideSolutionNode = FALSE
	EndGlobalSection
	GlobalSection(ExtensibilityGlobals) = postSolution
		SolutionGuid = {5E9A410A-BAE7-4FB9-A728-B257507DC238}
	EndGlobalSection
EndGlobal
